# THIS IS AN AUTOGENERATED FILE. DO NOT EDIT THIS FILE DIRECTLY.
# yarn lockfile v1


eve@~0.5.1:
  version "0.5.4"
  resolved "https://registry.yarnpkg.com/eve/-/eve-0.5.4.tgz#67d080b9725291d7e389e34c26860dd97f1debaa"
  integrity sha1-Z9CAuXJSkdfjieNMJoYN2X8d66o=

lodash@^4.17.15:
  version "4.17.19"
  resolved "https://registry.yarnpkg.com/lodash/-/lodash-4.17.19.tgz#e48ddedbe30b3321783c5b4301fbd353bc1e4a4b"
  integrity sha512-JNvd8XER9GQX0v2qJgsaN/mzFCNA5BRe/j8JN9d+tWyGLSodKQHKFicdwNYzWwI3wjRnaKPsGj1XkBjx/F96DQ==

snapsvg@^0.5.1:
  version "0.5.1"
  resolved "https://registry.yarnpkg.com/snapsvg/-/snapsvg-0.5.1.tgz#0caf52c79189a290746fc446cc5e863f6bdddfe3"
  integrity sha1-DK9Sx5GJopB0b8RGzF6GP2vd3+M=
  dependencies:
    eve "~0.5.1"
